
Microsoft Visual Studio Solution File, Format Version 12.00
# Visual Studio 15
VisualStudioVersion = 15.0.27004.2009
MinimumVisualStudioVersion = 10.0.40219.1
Project("{F184B08F-C81C-45F6-A57F-5ABD9991F28F}") = "MocaCore20", "MocaCore\MocaCore20.vbproj", "{0FFB9CEF-465E-4AE8-99D9-5D0EEC1E639A}"
EndProject
Project("{2150E333-8FDC-42A3-9474-1A3956D46DE8}") = ".nuget", ".nuget", "{9B222082-176D-496A-A343-FE0C3048BF8E}"
	ProjectSection(SolutionItems) = preProject
		.nuget\packages.config = .nuget\packages.config
	EndProjectSection
EndProject
Project("{2150E333-8FDC-42A3-9474-1A3956D46DE8}") = "Solution Items", "Solution Items", "{E8585046-6EF7-4D66-B52C-2637DE071FB9}"
	ProjectSection(SolutionItems) = preProject
		LICENSE.md = LICENSE.md
		README.md = README.md
	EndProjectSection
EndProject
Project("{FF286327-C783-4F7A-AB73-9BCBAD0D4460}") = "NuGet.Package", "NuGet.Package\NuGet.Package.nuproj", "{D9EAF4E3-2B12-4065-B6CD-57FDC29237E1}"
EndProject
Project("{00D1A9C2-B5F0-4AF3-8072-F6C62B433612}") = "MocaCore.TestMSSQL", "MocaCore.TestMSSQL\MocaCore.TestMSSQL.sqlproj", "{DE61F255-1359-44A0-85CC-0E2D2A716336}"
EndProject
Project("{F184B08F-C81C-45F6-A57F-5ABD9991F28F}") = "MocaCore35", "MocaCore\MocaCore35.vbproj", "{72B889FC-0CA1-4BD1-B665-F942B8977F24}"
EndProject
Project("{F184B08F-C81C-45F6-A57F-5ABD9991F28F}") = "MocaCore40", "MocaCore\MocaCore40.vbproj", "{542CD9B6-3C38-434D-88B3-121F89C1EF46}"
EndProject
Project("{F184B08F-C81C-45F6-A57F-5ABD9991F28F}") = "MocaCore45", "MocaCore\MocaCore45.vbproj", "{50663B72-F76C-49C4-8463-D150065EBCCE}"
EndProject
Project("{F184B08F-C81C-45F6-A57F-5ABD9991F28F}") = "MocaCore452", "MocaCore\MocaCore452.vbproj", "{40864C4F-54A0-4920-A743-35139AF8BD88}"
EndProject
Project("{F184B08F-C81C-45F6-A57F-5ABD9991F28F}") = "MocaCore46", "MocaCore\MocaCore46.vbproj", "{F1D2851E-A6BD-4B4A-A163-53D59E53782E}"
EndProject
Project("{F184B08F-C81C-45F6-A57F-5ABD9991F28F}") = "MocaCore462", "MocaCore\MocaCore462.vbproj", "{3CD1CCC5-2AA2-4282-B607-BEC3268DAF1E}"
EndProject
Project("{F184B08F-C81C-45F6-A57F-5ABD9991F28F}") = "MocaCore47", "MocaCore\MocaCore47.vbproj", "{14E6EB53-75B8-4A24-BFD0-6D643F614E1D}"
EndProject
Project("{F184B08F-C81C-45F6-A57F-5ABD9991F28F}") = "MocaCore35.Test", "MocaCore.Test\MocaCore35.Test.vbproj", "{BFAF053F-66F4-4F3F-8AC7-D6D6B018BAB5}"
EndProject
Project("{F184B08F-C81C-45F6-A57F-5ABD9991F28F}") = "MocaCore40.Test", "MocaCore.Test\MocaCore40.Test.vbproj", "{F5F82829-F0D9-452F-B54A-885BE54B12C6}"
EndProject
Project("{2150E333-8FDC-42A3-9474-1A3956D46DE8}") = "Test", "Test", "{B245D938-AE64-4565-BC6B-FB2335313CA7}"
EndProject
Project("{F184B08F-C81C-45F6-A57F-5ABD9991F28F}") = "MocaCore462.Test", "MocaCore.Test\MocaCore462.Test.vbproj", "{1DCE2B8F-6CA9-4DA1-950C-1B1DFC6AFB17}"
EndProject
Project("{FAE04EC0-301F-11D3-BF4B-00C04F79EFBC}") = "Docfx", "Docfx\Docfx.csproj", "{D8ABCFFD-5218-47AF-BB79-0B9F1EFE6EF8}"
EndProject
Global
	GlobalSection(SolutionConfigurationPlatforms) = preSolution
		Debug|Any CPU = Debug|Any CPU
		Release|Any CPU = Release|Any CPU
	EndGlobalSection
	GlobalSection(ProjectConfigurationPlatforms) = postSolution
		{0FFB9CEF-465E-4AE8-99D9-5D0EEC1E639A}.Debug|Any CPU.ActiveCfg = Debug|Any CPU
		{0FFB9CEF-465E-4AE8-99D9-5D0EEC1E639A}.Debug|Any CPU.Build.0 = Debug|Any CPU
		{0FFB9CEF-465E-4AE8-99D9-5D0EEC1E639A}.Release|Any CPU.ActiveCfg = Release|Any CPU
		{0FFB9CEF-465E-4AE8-99D9-5D0EEC1E639A}.Release|Any CPU.Build.0 = Release|Any CPU
		{D9EAF4E3-2B12-4065-B6CD-57FDC29237E1}.Debug|Any CPU.ActiveCfg = Debug|Any CPU
		{D9EAF4E3-2B12-4065-B6CD-57FDC29237E1}.Debug|Any CPU.Build.0 = Debug|Any CPU
		{D9EAF4E3-2B12-4065-B6CD-57FDC29237E1}.Release|Any CPU.ActiveCfg = Release|Any CPU
		{D9EAF4E3-2B12-4065-B6CD-57FDC29237E1}.Release|Any CPU.Build.0 = Release|Any CPU
		{DE61F255-1359-44A0-85CC-0E2D2A716336}.Debug|Any CPU.ActiveCfg = Debug|Any CPU
		{DE61F255-1359-44A0-85CC-0E2D2A716336}.Debug|Any CPU.Build.0 = Debug|Any CPU
		{DE61F255-1359-44A0-85CC-0E2D2A716336}.Debug|Any CPU.Deploy.0 = Debug|Any CPU
		{DE61F255-1359-44A0-85CC-0E2D2A716336}.Release|Any CPU.ActiveCfg = Release|Any CPU
		{72B889FC-0CA1-4BD1-B665-F942B8977F24}.Debug|Any CPU.ActiveCfg = Debug|Any CPU
		{72B889FC-0CA1-4BD1-B665-F942B8977F24}.Debug|Any CPU.Build.0 = Debug|Any CPU
		{72B889FC-0CA1-4BD1-B665-F942B8977F24}.Release|Any CPU.ActiveCfg = Release|Any CPU
		{72B889FC-0CA1-4BD1-B665-F942B8977F24}.Release|Any CPU.Build.0 = Release|Any CPU
		{542CD9B6-3C38-434D-88B3-121F89C1EF46}.Debug|Any CPU.ActiveCfg = Debug|Any CPU
		{542CD9B6-3C38-434D-88B3-121F89C1EF46}.Debug|Any CPU.Build.0 = Debug|Any CPU
		{542CD9B6-3C38-434D-88B3-121F89C1EF46}.Release|Any CPU.ActiveCfg = Release|Any CPU
		{542CD9B6-3C38-434D-88B3-121F89C1EF46}.Release|Any CPU.Build.0 = Release|Any CPU
		{50663B72-F76C-49C4-8463-D150065EBCCE}.Debug|Any CPU.ActiveCfg = Debug|Any CPU
		{50663B72-F76C-49C4-8463-D150065EBCCE}.Debug|Any CPU.Build.0 = Debug|Any CPU
		{50663B72-F76C-49C4-8463-D150065EBCCE}.Release|Any CPU.ActiveCfg = Release|Any CPU
		{50663B72-F76C-49C4-8463-D150065EBCCE}.Release|Any CPU.Build.0 = Release|Any CPU
		{40864C4F-54A0-4920-A743-35139AF8BD88}.Debug|Any CPU.ActiveCfg = Debug|Any CPU
		{40864C4F-54A0-4920-A743-35139AF8BD88}.Debug|Any CPU.Build.0 = Debug|Any CPU
		{40864C4F-54A0-4920-A743-35139AF8BD88}.Release|Any CPU.ActiveCfg = Release|Any CPU
		{40864C4F-54A0-4920-A743-35139AF8BD88}.Release|Any CPU.Build.0 = Release|Any CPU
		{F1D2851E-A6BD-4B4A-A163-53D59E53782E}.Debug|Any CPU.ActiveCfg = Debug|Any CPU
		{F1D2851E-A6BD-4B4A-A163-53D59E53782E}.Debug|Any CPU.Build.0 = Debug|Any CPU
		{F1D2851E-A6BD-4B4A-A163-53D59E53782E}.Release|Any CPU.ActiveCfg = Release|Any CPU
		{F1D2851E-A6BD-4B4A-A163-53D59E53782E}.Release|Any CPU.Build.0 = Release|Any CPU
		{3CD1CCC5-2AA2-4282-B607-BEC3268DAF1E}.Debug|Any CPU.ActiveCfg = Debug|Any CPU
		{3CD1CCC5-2AA2-4282-B607-BEC3268DAF1E}.Debug|Any CPU.Build.0 = Debug|Any CPU
		{3CD1CCC5-2AA2-4282-B607-BEC3268DAF1E}.Release|Any CPU.ActiveCfg = Release|Any CPU
		{3CD1CCC5-2AA2-4282-B607-BEC3268DAF1E}.Release|Any CPU.Build.0 = Release|Any CPU
		{14E6EB53-75B8-4A24-BFD0-6D643F614E1D}.Debug|Any CPU.ActiveCfg = Debug|Any CPU
		{14E6EB53-75B8-4A24-BFD0-6D643F614E1D}.Debug|Any CPU.Build.0 = Debug|Any CPU
		{14E6EB53-75B8-4A24-BFD0-6D643F614E1D}.Release|Any CPU.ActiveCfg = Release|Any CPU
		{14E6EB53-75B8-4A24-BFD0-6D643F614E1D}.Release|Any CPU.Build.0 = Release|Any CPU
		{BFAF053F-66F4-4F3F-8AC7-D6D6B018BAB5}.Debug|Any CPU.ActiveCfg = Debug|Any CPU
		{BFAF053F-66F4-4F3F-8AC7-D6D6B018BAB5}.Debug|Any CPU.Build.0 = Debug|Any CPU
		{BFAF053F-66F4-4F3F-8AC7-D6D6B018BAB5}.Release|Any CPU.ActiveCfg = Release|Any CPU
		{F5F82829-F0D9-452F-B54A-885BE54B12C6}.Debug|Any CPU.ActiveCfg = Debug|Any CPU
		{F5F82829-F0D9-452F-B54A-885BE54B12C6}.Debug|Any CPU.Build.0 = Debug|Any CPU
		{F5F82829-F0D9-452F-B54A-885BE54B12C6}.Release|Any CPU.ActiveCfg = Release|Any CPU
		{1DCE2B8F-6CA9-4DA1-950C-1B1DFC6AFB17}.Debug|Any CPU.ActiveCfg = Debug|Any CPU
		{1DCE2B8F-6CA9-4DA1-950C-1B1DFC6AFB17}.Debug|Any CPU.Build.0 = Debug|Any CPU
		{1DCE2B8F-6CA9-4DA1-950C-1B1DFC6AFB17}.Release|Any CPU.ActiveCfg = Release|Any CPU
		{D8ABCFFD-5218-47AF-BB79-0B9F1EFE6EF8}.Debug|Any CPU.ActiveCfg = Debug|Any CPU
		{D8ABCFFD-5218-47AF-BB79-0B9F1EFE6EF8}.Release|Any CPU.ActiveCfg = Release|Any CPU
	EndGlobalSection
	GlobalSection(SolutionProperties) = preSolution
		HideSolutionNode = FALSE
	EndGlobalSection
	GlobalSection(NestedProjects) = preSolution
		{DE61F255-1359-44A0-85CC-0E2D2A716336} = {B245D938-AE64-4565-BC6B-FB2335313CA7}
		{BFAF053F-66F4-4F3F-8AC7-D6D6B018BAB5} = {B245D938-AE64-4565-BC6B-FB2335313CA7}
		{F5F82829-F0D9-452F-B54A-885BE54B12C6} = {B245D938-AE64-4565-BC6B-FB2335313CA7}
		{1DCE2B8F-6CA9-4DA1-950C-1B1DFC6AFB17} = {B245D938-AE64-4565-BC6B-FB2335313CA7}
	EndGlobalSection
	GlobalSection(ExtensibilityGlobals) = postSolution
		SolutionGuid = {FDCAB6E5-78A8-4B85-BC56-C5FBCE3B9C6F}
	EndGlobalSection
EndGlobal
